
Microsoft Visual Studio Solution File, Format Version 12.00
# Visual Studio Version 17
VisualStudioVersion = 17.7.34031.279
MinimumVisualStudioVersion = 10.0.40219.1
Project("{FAE04EC0-301F-11D3-BF4B-00C04F79EFBC}") = "MPT_4lab", "MPT_4lab\MPT_4lab.csproj", "{F966FB24-0520-4052-8045-443B470C5BA5}"
EndProject
Project("{FAE04EC0-301F-11D3-BF4B-00C04F79EFBC}") = "TestProject1", "TestProject1\TestProject1.csproj", "{EAD989AB-2A02-4FD2-9F8F-89D14551AFCF}"
EndProject
Global
	GlobalSection(SolutionConfigurationPlatforms) = preSolution
		Debug|Any CPU = Debug|Any CPU
		Release|Any CPU = Release|Any CPU
	EndGlobalSection
	GlobalSection(ProjectConfigurationPlatforms) = postSolution
		{F966FB24-0520-4052-8045-443B470C5BA5}.Debug|Any CPU.ActiveCfg = Debug|Any CPU
		{F966FB24-0520-4052-8045-443B470C5BA5}.Debug|Any CPU.Build.0 = Debug|Any CPU
		{F966FB24-0520-4052-8045-443B470C5BA5}.Release|Any CPU.ActiveCfg = Release|Any CPU
		{F966FB24-0520-4052-8045-443B470C5BA5}.Release|Any CPU.Build.0 = Release|Any CPU
		{EAD989AB-2A02-4FD2-9F8F-89D14551AFCF}.Debug|Any CPU.ActiveCfg = Debug|Any CPU
		{EAD989AB-2A02-4FD2-9F8F-89D14551AFCF}.Debug|Any CPU.Build.0 = Debug|Any CPU
		{EAD989AB-2A02-4FD2-9F8F-89D14551AFCF}.Release|Any CPU.ActiveCfg = Release|Any CPU
		{EAD989AB-2A02-4FD2-9F8F-89D14551AFCF}.Release|Any CPU.Build.0 = Release|Any CPU
	EndGlobalSection
	GlobalSection(SolutionProperties) = preSolution
		HideSolutionNode = FALSE
	EndGlobalSection
	GlobalSection(ExtensibilityGlobals) = postSolution
		SolutionGuid = {45171F94-027F-4BDC-99B6-83348E7287AE}
	EndGlobalSection
EndGlobal
